// !$*UTF8*$!
{
	archiveVersion = 1;
	classes = {
	};
	objectVersion = 46;
	objects = {

/* Begin PBXBuildFile section */
		A2008C4F15FE27C50089F0B8 /* QuartzCore.framework in Frameworks */ = {isa = PBXBuildFile; fileRef = A2008C4E15FE27C50089F0B8 /* QuartzCore.framework */; };
		A2008C5515FE283F0089F0B8 /* LayerNumberSelect.m in Sources */ = {isa = PBXBuildFile; fileRef = A2008C5415FE283F0089F0B8 /* LayerNumberSelect.m */; };
		A20B00EA16037FD60056F01A /* NumberSelectBackground.png in Resources */ = {isa = PBXBuildFile; fileRef = A20B00E916037FD60056F01A /* NumberSelectBackground.png */; };
		A214F29A1636D12500AE0C36 /* libsqlite3.0.dylib in Frameworks */ = {isa = PBXBuildFile; fileRef = A214F2991636D12500AE0C36 /* libsqlite3.0.dylib */; };
		A214F2A61636D19A00AE0C36 /* FMDatabase.m in Sources */ = {isa = PBXBuildFile; fileRef = A214F29D1636D19900AE0C36 /* FMDatabase.m */; };
		A214F2A71636D19A00AE0C36 /* FMDatabaseAdditions.m in Sources */ = {isa = PBXBuildFile; fileRef = A214F29F1636D19900AE0C36 /* FMDatabaseAdditions.m */; };
		A214F2A81636D19A00AE0C36 /* FMDatabasePool.m in Sources */ = {isa = PBXBuildFile; fileRef = A214F2A11636D19A00AE0C36 /* FMDatabasePool.m */; };
		A214F2A91636D19A00AE0C36 /* FMDatabaseQueue.m in Sources */ = {isa = PBXBuildFile; fileRef = A214F2A31636D19A00AE0C36 /* FMDatabaseQueue.m */; };
		A214F2AA1636D19A00AE0C36 /* FMResultSet.m in Sources */ = {isa = PBXBuildFile; fileRef = A214F2A51636D19A00AE0C36 /* FMResultSet.m */; };
		A214F2AC1636D3BD00AE0C36 /* mst.db in Resources */ = {isa = PBXBuildFile; fileRef = A214F2AB1636D3BD00AE0C36 /* mst.db */; };
		A2164752163966C200200BF9 /* StatusUpdate35.png in Resources */ = {isa = PBXBuildFile; fileRef = A2164751163966C200200BF9 /* StatusUpdate35.png */; };
		A21675541606F3B8001A7C03 /* CoreImage.framework in Frameworks */ = {isa = PBXBuildFile; fileRef = A21675531606F3B7001A7C03 /* CoreImage.framework */; };
		A2217AF91646444700328034 /* BuyRegistViewController.m in Sources */ = {isa = PBXBuildFile; fileRef = A2217AF81646444700328034 /* BuyRegistViewController.m */; };
		A260B5041642A8BE001032EB /* Default-568h@2x.png in Resources */ = {isa = PBXBuildFile; fileRef = A260B5031642A8BE001032EB /* Default-568h@2x.png */; };
		A26A3A0515FC35EF00181646 /* No01-20.png in Resources */ = {isa = PBXBuildFile; fileRef = A26A3A0415FC35EF00181646 /* No01-20.png */; };
		A26A3A3115FC924400181646 /* NumberSelectViewController.m in Sources */ = {isa = PBXBuildFile; fileRef = A26A3A3015FC924400181646 /* NumberSelectViewController.m */; };
		A2A5228A15C6AF0C00D65863 /* UIKit.framework in Frameworks */ = {isa = PBXBuildFile; fileRef = A2A5228915C6AF0C00D65863 /* UIKit.framework */; };
		A2A5228C15C6AF0C00D65863 /* Foundation.framework in Frameworks */ = {isa = PBXBuildFile; fileRef = A2A5228B15C6AF0C00D65863 /* Foundation.framework */; };
		A2A5228E15C6AF0C00D65863 /* CoreGraphics.framework in Frameworks */ = {isa = PBXBuildFile; fileRef = A2A5228D15C6AF0C00D65863 /* CoreGraphics.framework */; };
		A2A5229415C6AF0C00D65863 /* InfoPlist.strings in Resources */ = {isa = PBXBuildFile; fileRef = A2A5229215C6AF0C00D65863 /* InfoPlist.strings */; };
		A2A5229615C6AF0C00D65863 /* main.m in Sources */ = {isa = PBXBuildFile; fileRef = A2A5229515C6AF0C00D65863 /* main.m */; };
		A2A5229A15C6AF0C00D65863 /* AppDelegate.m in Sources */ = {isa = PBXBuildFile; fileRef = A2A5229915C6AF0C00D65863 /* AppDelegate.m */; };
		A2A522A615C6AF0C00D65863 /* MainStoryboard_iPhone.storyboard in Resources */ = {isa = PBXBuildFile; fileRef = A2A522A415C6AF0C00D65863 /* MainStoryboard_iPhone.storyboard */; };
		A2A522A915C6AF0C00D65863 /* MainStoryboard_iPad.storyboard in Resources */ = {isa = PBXBuildFile; fileRef = A2A522A715C6AF0C00D65863 /* MainStoryboard_iPad.storyboard */; };
		A2A522B115C6AF0C00D65863 /* SenTestingKit.framework in Frameworks */ = {isa = PBXBuildFile; fileRef = A2A522B015C6AF0C00D65863 /* SenTestingKit.framework */; };
		A2A522B215C6AF0C00D65863 /* UIKit.framework in Frameworks */ = {isa = PBXBuildFile; fileRef = A2A5228915C6AF0C00D65863 /* UIKit.framework */; };
		A2A522B315C6AF0C00D65863 /* Foundation.framework in Frameworks */ = {isa = PBXBuildFile; fileRef = A2A5228B15C6AF0C00D65863 /* Foundation.framework */; };
		A2A522BB15C6AF0C00D65863 /* InfoPlist.strings in Resources */ = {isa = PBXBuildFile; fileRef = A2A522B915C6AF0C00D65863 /* InfoPlist.strings */; };
		A2A522BE15C6AF0C00D65863 /* RotoSixTests.m in Sources */ = {isa = PBXBuildFile; fileRef = A2A522BD15C6AF0C00D65863 /* RotoSixTests.m */; };
		A2BE5EC91607630300162DCB /* No01-45.png in Resources */ = {isa = PBXBuildFile; fileRef = A2BE5E751607630200162DCB /* No01-45.png */; };
		A2BE5ECA1607630300162DCB /* No01NoSel-45.png in Resources */ = {isa = PBXBuildFile; fileRef = A2BE5E761607630200162DCB /* No01NoSel-45.png */; };
		A2BE5ECB1607630300162DCB /* No02-45.png in Resources */ = {isa = PBXBuildFile; fileRef = A2BE5E771607630200162DCB /* No02-45.png */; };
		A2BE5ECC1607630300162DCB /* No02NoSel-45.png in Resources */ = {isa = PBXBuildFile; fileRef = A2BE5E781607630200162DCB /* No02NoSel-45.png */; };
		A2BE5ECE1607630300162DCB /* No03-45.png in Resources */ = {isa = PBXBuildFile; fileRef = A2BE5E7A1607630200162DCB /* No03-45.png */; };
		A2BE5ECF1607630300162DCB /* No03NoSel-45.png in Resources */ = {isa = PBXBuildFile; fileRef = A2BE5E7B1607630200162DCB /* No03NoSel-45.png */; };
		A2BE5ED01607630300162DCB /* No04-45.png in Resources */ = {isa = PBXBuildFile; fileRef = A2BE5E7C1607630200162DCB /* No04-45.png */; };
		A2BE5ED11607630300162DCB /* No04NoSel-45.png in Resources */ = {isa = PBXBuildFile; fileRef = A2BE5E7D1607630200162DCB /* No04NoSel-45.png */; };
		A2BE5ED21607630300162DCB /* No05-45.png in Resources */ = {isa = PBXBuildFile; fileRef = A2BE5E7E1607630200162DCB /* No05-45.png */; };
		A2BE5ED31607630300162DCB /* No05NoSel-45.png in Resources */ = {isa = PBXBuildFile; fileRef = A2BE5E7F1607630200162DCB /* No05NoSel-45.png */; };
		A2BE5ED41607630300162DCB /* No06-45.png in Resources */ = {isa = PBXBuildFile; fileRef = A2BE5E801607630200162DCB /* No06-45.png */; };
		A2BE5ED51607630300162DCB /* No06NoSel-45.png in Resources */ = {isa = PBXBuildFile; fileRef = A2BE5E811607630200162DCB /* No06NoSel-45.png */; };
		A2BE5ED61607630300162DCB /* No07-45.png in Resources */ = {isa = PBXBuildFile; fileRef = A2BE5E821607630200162DCB /* No07-45.png */; };
		A2BE5ED71607630300162DCB /* No07NoSel-45.png in Resources */ = {isa = PBXBuildFile; fileRef = A2BE5E831607630200162DCB /* No07NoSel-45.png */; };
		A2BE5ED81607630300162DCB /* No08-45.png in Resources */ = {isa = PBXBuildFile; fileRef = A2BE5E841607630200162DCB /* No08-45.png */; };
		A2BE5ED91607630300162DCB /* No08NoSel-45.png in Resources */ = {isa = PBXBuildFile; fileRef = A2BE5E851607630200162DCB /* No08NoSel-45.png */; };
		A2BE5EDA1607630300162DCB /* No09-45.png in Resources */ = {isa = PBXBuildFile; fileRef = A2BE5E861607630200162DCB /* No09-45.png */; };
		A2BE5EDB1607630300162DCB /* No09NoSel-45.png in Resources */ = {isa = PBXBuildFile; fileRef = A2BE5E871607630200162DCB /* No09NoSel-45.png */; };
		A2BE5EDC1607630300162DCB /* No10-45.png in Resources */ = {isa = PBXBuildFile; fileRef = A2BE5E881607630200162DCB /* No10-45.png */; };
		A2BE5EDD1607630300162DCB /* No10NoSel-45.png in Resources */ = {isa = PBXBuildFile; fileRef = A2BE5E891607630200162DCB /* No10NoSel-45.png */; };
		A2BE5EDE1607630300162DCB /* No11-45.png in Resources */ = {isa = PBXBuildFile; fileRef = A2BE5E8A1607630200162DCB /* No11-45.png */; };
		A2BE5EDF1607630300162DCB /* No11NoSel-45.png in Resources */ = {isa = PBXBuildFile; fileRef = A2BE5E8B1607630200162DCB /* No11NoSel-45.png */; };
		A2BE5EE01607630300162DCB /* No12-45.png in Resources */ = {isa = PBXBuildFile; fileRef = A2BE5E8C1607630200162DCB /* No12-45.png */; };
		A2BE5EE11607630300162DCB /* No12NoSel-45.png in Resources */ = {isa = PBXBuildFile; fileRef = A2BE5E8D1607630200162DCB /* No12NoSel-45.png */; };
		A2BE5EE21607630300162DCB /* No13-45.png in Resources */ = {isa = PBXBuildFile; fileRef = A2BE5E8E1607630200162DCB /* No13-45.png */; };
		A2BE5EE31607630300162DCB /* No13NoSel-45.png in Resources */ = {isa = PBXBuildFile; fileRef = A2BE5E8F1607630200162DCB /* No13NoSel-45.png */; };
		A2BE5EE41607630300162DCB /* No14-45.png in Resources */ = {isa = PBXBuildFile; fileRef = A2BE5E901607630200162DCB /* No14-45.png */; };
		A2BE5EE51607630300162DCB /* No14NoSel-45.png in Resources */ = {isa = PBXBuildFile; fileRef = A2BE5E911607630200162DCB /* No14NoSel-45.png */; };
		A2BE5EE61607630300162DCB /* No15-45.png in Resources */ = {isa = PBXBuildFile; fileRef = A2BE5E921607630200162DCB /* No15-45.png */; };
		A2BE5EE71607630300162DCB /* No15NoSel-45.png in Resources */ = {isa = PBXBuildFile; fileRef = A2BE5E931607630200162DCB /* No15NoSel-45.png */; };
		A2BE5EE81607630300162DCB /* No16-45.png in Resources */ = {isa = PBXBuildFile; fileRef = A2BE5E941607630200162DCB /* No16-45.png */; };
		A2BE5EE91607630300162DCB /* No16NoSel-45.png in Resources */ = {isa = PBXBuildFile; fileRef = A2BE5E951607630200162DCB /* No16NoSel-45.png */; };
		A2BE5EEA1607630300162DCB /* No17-45.png in Resources */ = {isa = PBXBuildFile; fileRef = A2BE5E961607630200162DCB /* No17-45.png */; };
		A2BE5EEB1607630300162DCB /* No17NoSel-45.png in Resources */ = {isa = PBXBuildFile; fileRef = A2BE5E971607630200162DCB /* No17NoSel-45.png */; };
		A2BE5EEC1607630300162DCB /* No18-45.png in Resources */ = {isa = PBXBuildFile; fileRef = A2BE5E981607630200162DCB /* No18-45.png */; };
		A2BE5EED1607630300162DCB /* No18NoSel-45.png in Resources */ = {isa = PBXBuildFile; fileRef = A2BE5E991607630200162DCB /* No18NoSel-45.png */; };
		A2BE5EEE1607630300162DCB /* No19-45.png in Resources */ = {isa = PBXBuildFile; fileRef = A2BE5E9A1607630200162DCB /* No19-45.png */; };
		A2BE5EEF1607630300162DCB /* No19NoSel-45.png in Resources */ = {isa = PBXBuildFile; fileRef = A2BE5E9B1607630200162DCB /* No19NoSel-45.png */; };
		A2BE5EF01607630300162DCB /* No20-45.png in Resources */ = {isa = PBXBuildFile; fileRef = A2BE5E9C1607630200162DCB /* No20-45.png */; };
		A2BE5EF11607630300162DCB /* No20NoSel-45.png in Resources */ = {isa = PBXBuildFile; fileRef = A2BE5E9D1607630200162DCB /* No20NoSel-45.png */; };
		A2BE5EF21607630300162DCB /* No21-45.png in Resources */ = {isa = PBXBuildFile; fileRef = A2BE5E9E1607630200162DCB /* No21-45.png */; };
		A2BE5EF31607630300162DCB /* No21NoSel-45.png in Resources */ = {isa = PBXBuildFile; fileRef = A2BE5E9F1607630200162DCB /* No21NoSel-45.png */; };
		A2BE5EF41607630300162DCB /* No22-45.png in Resources */ = {isa = PBXBuildFile; fileRef = A2BE5EA01607630200162DCB /* No22-45.png */; };
		A2BE5EF51607630300162DCB /* No22NoSel-45.png in Resources */ = {isa = PBXBuildFile; fileRef = A2BE5EA11607630200162DCB /* No22NoSel-45.png */; };
		A2BE5EF61607630300162DCB /* No23-45.png in Resources */ = {isa = PBXBuildFile; fileRef = A2BE5EA21607630200162DCB /* No23-45.png */; };
		A2BE5EF71607630300162DCB /* No23NoSel-45.png in Resources */ = {isa = PBXBuildFile; fileRef = A2BE5EA31607630200162DCB /* No23NoSel-45.png */; };
		A2BE5EF81607630300162DCB /* No24-45.png in Resources */ = {isa = PBXBuildFile; fileRef = A2BE5EA41607630200162DCB /* No24-45.png */; };
		A2BE5EF91607630300162DCB /* No24NoSel-45.png in Resources */ = {isa = PBXBuildFile; fileRef = A2BE5EA51607630200162DCB /* No24NoSel-45.png */; };
		A2BE5EFA1607630300162DCB /* No25-45.png in Resources */ = {isa = PBXBuildFile; fileRef = A2BE5EA61607630200162DCB /* No25-45.png */; };
		A2BE5EFB1607630300162DCB /* No25NoSel-45.png in Resources */ = {isa = PBXBuildFile; fileRef = A2BE5EA71607630200162DCB /* No25NoSel-45.png */; };
		A2BE5EFC1607630300162DCB /* No26-45.png in Resources */ = {isa = PBXBuildFile; fileRef = A2BE5EA81607630200162DCB /* No26-45.png */; };
		A2BE5EFD1607630300162DCB /* No26NoSel-45.png in Resources */ = {isa = PBXBuildFile; fileRef = A2BE5EA91607630200162DCB /* No26NoSel-45.png */; };
		A2BE5EFE1607630300162DCB /* No27-45.png in Resources */ = {isa = PBXBuildFile; fileRef = A2BE5EAA1607630200162DCB /* No27-45.png */; };
		A2BE5EFF1607630300162DCB /* No27NoSel-45.png in Resources */ = {isa = PBXBuildFile; fileRef = A2BE5EAB1607630200162DCB /* No27NoSel-45.png */; };
		A2BE5F001607630300162DCB /* No28-45.png in Resources */ = {isa = PBXBuildFile; fileRef = A2BE5EAC1607630200162DCB /* No28-45.png */; };
		A2BE5F011607630300162DCB /* No28NoSel-45.png in Resources */ = {isa = PBXBuildFile; fileRef = A2BE5EAD1607630200162DCB /* No28NoSel-45.png */; };
		A2BE5F021607630300162DCB /* No29-45.png in Resources */ = {isa = PBXBuildFile; fileRef = A2BE5EAE1607630200162DCB /* No29-45.png */; };
		A2BE5F031607630300162DCB /* No29NoSel-45.png in Resources */ = {isa = PBXBuildFile; fileRef = A2BE5EAF1607630200162DCB /* No29NoSel-45.png */; };
		A2BE5F041607630300162DCB /* No30-45.png in Resources */ = {isa = PBXBuildFile; fileRef = A2BE5EB01607630200162DCB /* No30-45.png */; };
		A2BE5F051607630300162DCB /* No30NoSel-45.png in Resources */ = {isa = PBXBuildFile; fileRef = A2BE5EB11607630200162DCB /* No30NoSel-45.png */; };
		A2BE5F061607630300162DCB /* No31-45.png in Resources */ = {isa = PBXBuildFile; fileRef = A2BE5EB21607630200162DCB /* No31-45.png */; };
		A2BE5F071607630300162DCB /* No31NoSel-45.png in Resources */ = {isa = PBXBuildFile; fileRef = A2BE5EB31607630200162DCB /* No31NoSel-45.png */; };
		A2BE5F081607630300162DCB /* No32-45.png in Resources */ = {isa = PBXBuildFile; fileRef = A2BE5EB41607630200162DCB /* No32-45.png */; };
		A2BE5F091607630300162DCB /* No32NoSel-45.png in Resources */ = {isa = PBXBuildFile; fileRef = A2BE5EB51607630200162DCB /* No32NoSel-45.png */; };
		A2BE5F0A1607630300162DCB /* No33-45.png in Resources */ = {isa = PBXBuildFile; fileRef = A2BE5EB61607630200162DCB /* No33-45.png */; };
		A2BE5F0B1607630300162DCB /* No33NoSel-45.png in Resources */ = {isa = PBXBuildFile; fileRef = A2BE5EB71607630200162DCB /* No33NoSel-45.png */; };
		A2BE5F0C1607630300162DCB /* No34-45.png in Resources */ = {isa = PBXBuildFile; fileRef = A2BE5EB81607630200162DCB /* No34-45.png */; };
		A2BE5F0D1607630300162DCB /* No34NoSel-45.png in Resources */ = {isa = PBXBuildFile; fileRef = A2BE5EB91607630200162DCB /* No34NoSel-45.png */; };
		A2BE5F0E1607630300162DCB /* No35-45.png in Resources */ = {isa = PBXBuildFile; fileRef = A2BE5EBA1607630200162DCB /* No35-45.png */; };
		A2BE5F0F1607630300162DCB /* No35NoSel-45.png in Resources */ = {isa = PBXBuildFile; fileRef = A2BE5EBB1607630200162DCB /* No35NoSel-45.png */; };
		A2BE5F101607630300162DCB /* No36-45.png in Resources */ = {isa = PBXBuildFile; fileRef = A2BE5EBC1607630200162DCB /* No36-45.png */; };
		A2BE5F111607630300162DCB /* No36NoSel-45.png in Resources */ = {isa = PBXBuildFile; fileRef = A2BE5EBD1607630200162DCB /* No36NoSel-45.png */; };
		A2BE5F121607630300162DCB /* No37-45.png in Resources */ = {isa = PBXBuildFile; fileRef = A2BE5EBE1607630200162DCB /* No37-45.png */; };
		A2BE5F131607630300162DCB /* No37NoSel-45.png in Resources */ = {isa = PBXBuildFile; fileRef = A2BE5EBF1607630200162DCB /* No37NoSel-45.png */; };
		A2BE5F141607630300162DCB /* No38-45.png in Resources */ = {isa = PBXBuildFile; fileRef = A2BE5EC01607630200162DCB /* No38-45.png */; };
		A2BE5F151607630300162DCB /* No38NoSel-45.png in Resources */ = {isa = PBXBuildFile; fileRef = A2BE5EC11607630200162DCB /* No38NoSel-45.png */; };
		A2BE5F161607630300162DCB /* No39-45.png in Resources */ = {isa = PBXBuildFile; fileRef = A2BE5EC21607630200162DCB /* No39-45.png */; };
		A2BE5F171607630300162DCB /* No39NoSel-45.png in Resources */ = {isa = PBXBuildFile; fileRef = A2BE5EC31607630200162DCB /* No39NoSel-45.png */; };
		A2BE5F181607630300162DCB /* No40-45.png in Resources */ = {isa = PBXBuildFile; fileRef = A2BE5EC41607630200162DCB /* No40-45.png */; };
		A2BE5F191607630300162DCB /* No40NoSel-45.png in Resources */ = {isa = PBXBuildFile; fileRef = A2BE5EC51607630200162DCB /* No40NoSel-45.png */; };
		A2BE5F1A1607630300162DCB /* No41-45.png in Resources */ = {isa = PBXBuildFile; fileRef = A2BE5EC61607630200162DCB /* No41-45.png */; };
		A2BE5F1B1607630300162DCB /* No41NoSel-45.png in Resources */ = {isa = PBXBuildFile; fileRef = A2BE5EC71607630200162DCB /* No41NoSel-45.png */; };
		A2BE5F1C1607630300162DCB /* No42-45.png in Resources */ = {isa = PBXBuildFile; fileRef = A2BE5EC81607630200162DCB /* No42-45.png */; };
		A2BE7EEF15F625A900FD98B9 /* BuyHistDataController.m in Sources */ = {isa = PBXBuildFile; fileRef = A2BE7EEE15F625A900FD98B9 /* BuyHistDataController.m */; };
		A2C0051415F4452E0081A14E /* BuyHistDetailViewController.m in Sources */ = {isa = PBXBuildFile; fileRef = A2C0051315F4452E0081A14E /* BuyHistDetailViewController.m */; };
		A2C0051715F448F30081A14E /* BuyHistory.m in Sources */ = {isa = PBXBuildFile; fileRef = A2C0051615F448F30081A14E /* BuyHistory.m */; };
		A2C03C691642B4A4000A03B0 /* Lottery.m in Sources */ = {isa = PBXBuildFile; fileRef = A2C03C681642B4A4000A03B0 /* Lottery.m */; };
		A2C03C6D1642B4CB000A03B0 /* LotteryDataController.m in Sources */ = {isa = PBXBuildFile; fileRef = A2C03C6C1642B4CB000A03B0 /* LotteryDataController.m */; };
		A2DA1B2115FA270400E036F7 /* DetailImage.png in Resources */ = {isa = PBXBuildFile; fileRef = A2DA1B2015FA270400E036F7 /* DetailImage.png */; };
		A2DA1B2315FA31E600E036F7 /* No03-35.png in Resources */ = {isa = PBXBuildFile; fileRef = A2DA1B2215FA31E600E036F7 /* No03-35.png */; };
		A2EA41B515EAFD4C00A568F1 /* BuyHistoryViewController.m in Sources */ = {isa = PBXBuildFile; fileRef = A2EA41B415EAFD4C00A568F1 /* BuyHistoryViewController.m */; };
		A2ED92F215EF847D0051CD57 /* No01-15.png in Resources */ = {isa = PBXBuildFile; fileRef = A2ED92F015EF847D0051CD57 /* No01-15.png */; };
		A2F1426C163C01C500D6385D /* mst.db in Resources */ = {isa = PBXBuildFile; fileRef = A214F2AB1636D3BD00AE0C36 /* mst.db */; };
		E61BEDEA15F39A4F00FAF755 /* Background.png in Resources */ = {isa = PBXBuildFile; fileRef = E61BEDE915F39A4F00FAF755 /* Background.png */; };
		E6689B0915F253420026CBC3 /* CellBackground.png in Resources */ = {isa = PBXBuildFile; fileRef = E6689B0815F253420026CBC3 /* CellBackground.png */; };
		E66BC18716153BC200056B40 /* No43-45.png in Resources */ = {isa = PBXBuildFile; fileRef = E66BC18516153BC200056B40 /* No43-45.png */; };
		E66BC18816153BC200056B40 /* No43NoSel-45.png in Resources */ = {isa = PBXBuildFile; fileRef = E66BC18616153BC200056B40 /* No43NoSel-45.png */; };
		E66BC18B161540B600056B40 /* No42NoSel-45.png in Resources */ = {isa = PBXBuildFile; fileRef = E66BC18A161540B600056B40 /* No42NoSel-45.png */; };
		E6E416EA1631579F00F14725 /* NumberSelectView.m in Sources */ = {isa = PBXBuildFile; fileRef = E6E416E91631579F00F14725 /* NumberSelectView.m */; };
/* End PBXBuildFile section */

/* Begin PBXContainerItemProxy section */
		A2A522B415C6AF0C00D65863 /* PBXContainerItemProxy */ = {
			isa = PBXContainerItemProxy;
			containerPortal = A2A5227C15C6AF0C00D65863 /* Project object */;
			proxyType = 1;
			remoteGlobalIDString = A2A5228415C6AF0C00D65863;
			remoteInfo = RotoSix;
		};
/* End PBXContainerItemProxy section */

/* Begin PBXFileReference section */
		A2008C4E15FE27C50089F0B8 /* QuartzCore.framework */ = {isa = PBXFileReference; lastKnownFileType = wrapper.framework; name = QuartzCore.framework; path = System/Library/Frameworks/QuartzCore.framework; sourceTree = SDKROOT; };
		A2008C5315FE283F0089F0B8 /* LayerNumberSelect.h */ = {isa = PBXFileReference; fileEncoding = 4; lastKnownFileType = sourcecode.c.h; path = LayerNumberSelect.h; sourceTree = "<group>"; };
		A2008C5415FE283F0089F0B8 /* LayerNumberSelect.m */ = {isa = PBXFileReference; fileEncoding = 4; lastKnownFileType = sourcecode.c.objc; path = LayerNumberSelect.m; sourceTree = "<group>"; };
		A20B00E916037FD60056F01A /* NumberSelectBackground.png */ = {isa = PBXFileReference; lastKnownFileType = image.png; name = NumberSelectBackground.png; path = ../../../NumberSelectBackground.png; sourceTree = "<group>"; };
		A214F2991636D12500AE0C36 /* libsqlite3.0.dylib */ = {isa = PBXFileReference; lastKnownFileType = "compiled.mach-o.dylib"; name = libsqlite3.0.dylib; path = usr/lib/libsqlite3.0.dylib; sourceTree = SDKROOT; };
		A214F29C1636D19900AE0C36 /* FMDatabase.h */ = {isa = PBXFileReference; fileEncoding = 4; lastKnownFileType = sourcecode.c.h; path = FMDatabase.h; sourceTree = "<group>"; };
		A214F29D1636D19900AE0C36 /* FMDatabase.m */ = {isa = PBXFileReference; fileEncoding = 4; lastKnownFileType = sourcecode.c.objc; path = FMDatabase.m; sourceTree = "<group>"; };
		A214F29E1636D19900AE0C36 /* FMDatabaseAdditions.h */ = {isa = PBXFileReference; fileEncoding = 4; lastKnownFileType = sourcecode.c.h; path = FMDatabaseAdditions.h; sourceTree = "<group>"; };
		A214F29F1636D19900AE0C36 /* FMDatabaseAdditions.m */ = {isa = PBXFileReference; fileEncoding = 4; lastKnownFileType = sourcecode.c.objc; path = FMDatabaseAdditions.m; sourceTree = "<group>"; };
		A214F2A01636D19A00AE0C36 /* FMDatabasePool.h */ = {isa = PBXFileReference; fileEncoding = 4; lastKnownFileType = sourcecode.c.h; path = FMDatabasePool.h; sourceTree = "<group>"; };
		A214F2A11636D19A00AE0C36 /* FMDatabasePool.m */ = {isa = PBXFileReference; fileEncoding = 4; lastKnownFileType = sourcecode.c.objc; path = FMDatabasePool.m; sourceTree = "<group>"; };
		A214F2A21636D19A00AE0C36 /* FMDatabaseQueue.h */ = {isa = PBXFileReference; fileEncoding = 4; lastKnownFileType = sourcecode.c.h; path = FMDatabaseQueue.h; sourceTree = "<group>"; };
		A214F2A31636D19A00AE0C36 /* FMDatabaseQueue.m */ = {isa = PBXFileReference; fileEncoding = 4; lastKnownFileType = sourcecode.c.objc; path = FMDatabaseQueue.m; sourceTree = "<group>"; };
		A214F2A41636D19A00AE0C36 /* FMResultSet.h */ = {isa = PBXFileReference; fileEncoding = 4; lastKnownFileType = sourcecode.c.h; path = FMResultSet.h; sourceTree = "<group>"; };
		A214F2A51636D19A00AE0C36 /* FMResultSet.m */ = {isa = PBXFileReference; fileEncoding = 4; lastKnownFileType = sourcecode.c.objc; path = FMResultSet.m; sourceTree = "<group>"; };
		A214F2AB1636D3BD00AE0C36 /* mst.db */ = {isa = PBXFileReference; lastKnownFileType = file; path = mst.db; sourceTree = "<group>"; };
		A2164751163966C200200BF9 /* StatusUpdate35.png */ = {isa = PBXFileReference; lastKnownFileType = image.png; path = StatusUpdate35.png; sourceTree = "<group>"; };
		A21675531606F3B7001A7C03 /* CoreImage.framework */ = {isa = PBXFileReference; lastKnownFileType = wrapper.framework; name = CoreImage.framework; path = System/Library/Frameworks/CoreImage.framework; sourceTree = SDKROOT; };
		A2217AF71646444700328034 /* BuyRegistViewController.h */ = {isa = PBXFileReference; fileEncoding = 4; lastKnownFileType = sourcecode.c.h; path = BuyRegistViewController.h; sourceTree = "<group>"; };
		A2217AF81646444700328034 /* BuyRegistViewController.m */ = {isa = PBXFileReference; fileEncoding = 4; lastKnownFileType = sourcecode.c.objc; path = BuyRegistViewController.m; sourceTree = "<group>"; };
		A260B5031642A8BE001032EB /* Default-568h@2x.png */ = {isa = PBXFileReference; lastKnownFileType = image.png; path = "Default-568h@2x.png"; sourceTree = "<group>"; };
		A26A3A0415FC35EF00181646 /* No01-20.png */ = {isa = PBXFileReference; lastKnownFileType = image.png; path = "No01-20.png"; sourceTree = "<group>"; };
		A26A3A2F15FC924400181646 /* NumberSelectViewController.h */ = {isa = PBXFileReference; fileEncoding = 4; lastKnownFileType = sourcecode.c.h; path = NumberSelectViewController.h; sourceTree = "<group>"; };
		A26A3A3015FC924400181646 /* NumberSelectViewController.m */ = {isa = PBXFileReference; fileEncoding = 4; lastKnownFileType = sourcecode.c.objc; path = NumberSelectViewController.m; sourceTree = "<group>"; };
		A2A5228515C6AF0C00D65863 /* RotoSix.app */ = {isa = PBXFileReference; explicitFileType = wrapper.application; includeInIndex = 0; path = RotoSix.app; sourceTree = BUILT_PRODUCTS_DIR; };
		A2A5228915C6AF0C00D65863 /* UIKit.framework */ = {isa = PBXFileReference; lastKnownFileType = wrapper.framework; name = UIKit.framework; path = System/Library/Frameworks/UIKit.framework; sourceTree = SDKROOT; };
		A2A5228B15C6AF0C00D65863 /* Foundation.framework */ = {isa = PBXFileReference; lastKnownFileType = wrapper.framework; name = Foundation.framework; path = System/Library/Frameworks/Foundation.framework; sourceTree = SDKROOT; };
		A2A5228D15C6AF0C00D65863 /* CoreGraphics.framework */ = {isa = PBXFileReference; lastKnownFileType = wrapper.framework; name = CoreGraphics.framework; path = System/Library/Frameworks/CoreGraphics.framework; sourceTree = SDKROOT; };
		A2A5229115C6AF0C00D65863 /* RotoSix-Info.plist */ = {isa = PBXFileReference; lastKnownFileType = text.plist.xml; path = "RotoSix-Info.plist"; sourceTree = "<group>"; };
		A2A5229315C6AF0C00D65863 /* en */ = {isa = PBXFileReference; lastKnownFileType = text.plist.strings; name = en; path = en.lproj/InfoPlist.strings; sourceTree = "<group>"; };
		A2A5229515C6AF0C00D65863 /* main.m */ = {isa = PBXFileReference; lastKnownFileType = sourcecode.c.objc; path = main.m; sourceTree = "<group>"; };
		A2A5229715C6AF0C00D65863 /* RotoSix-Prefix.pch */ = {isa = PBXFileReference; lastKnownFileType = sourcecode.c.h; path = "RotoSix-Prefix.pch"; sourceTree = "<group>"; };
		A2A5229815C6AF0C00D65863 /* AppDelegate.h */ = {isa = PBXFileReference; lastKnownFileType = sourcecode.c.h; path = AppDelegate.h; sourceTree = "<group>"; };
		A2A5229915C6AF0C00D65863 /* AppDelegate.m */ = {isa = PBXFileReference; lastKnownFileType = sourcecode.c.objc; path = AppDelegate.m; sourceTree = "<group>"; };
		A2A522A515C6AF0C00D65863 /* en */ = {isa = PBXFileReference; lastKnownFileType = file.storyboard; name = en; path = en.lproj/MainStoryboard_iPhone.storyboard; sourceTree = "<group>"; };
		A2A522A815C6AF0C00D65863 /* en */ = {isa = PBXFileReference; lastKnownFileType = file.storyboard; name = en; path = en.lproj/MainStoryboard_iPad.storyboard; sourceTree = "<group>"; };
		A2A522AF15C6AF0C00D65863 /* RotoSixTests.octest */ = {isa = PBXFileReference; explicitFileType = wrapper.cfbundle; includeInIndex = 0; path = RotoSixTests.octest; sourceTree = BUILT_PRODUCTS_DIR; };
		A2A522B015C6AF0C00D65863 /* SenTestingKit.framework */ = {isa = PBXFileReference; lastKnownFileType = wrapper.framework; name = SenTestingKit.framework; path = Library/Frameworks/SenTestingKit.framework; sourceTree = DEVELOPER_DIR; };
		A2A522B815C6AF0C00D65863 /* RotoSixTests-Info.plist */ = {isa = PBXFileReference; lastKnownFileType = text.plist.xml; path = "RotoSixTests-Info.plist"; sourceTree = "<group>"; };
		A2A522BA15C6AF0C00D65863 /* en */ = {isa = PBXFileReference; lastKnownFileType = text.plist.strings; name = en; path = en.lproj/InfoPlist.strings; sourceTree = "<group>"; };
		A2A522BC15C6AF0C00D65863 /* RotoSixTests.h */ = {isa = PBXFileReference; lastKnownFileType = sourcecode.c.h; path = RotoSixTests.h; sourceTree = "<group>"; };
		A2A522BD15C6AF0C00D65863 /* RotoSixTests.m */ = {isa = PBXFileReference; lastKnownFileType = sourcecode.c.objc; path = RotoSixTests.m; sourceTree = "<group>"; };
		A2BE5E751607630200162DCB /* No01-45.png */ = {isa = PBXFileReference; lastKnownFileType = image.png; path = "No01-45.png"; sourceTree = "<group>"; };
		A2BE5E761607630200162DCB /* No01NoSel-45.png */ = {isa = PBXFileReference; lastKnownFileType = image.png; path = "No01NoSel-45.png"; sourceTree = "<group>"; };
		A2BE5E771607630200162DCB /* No02-45.png */ = {isa = PBXFileReference; lastKnownFileType = image.png; path = "No02-45.png"; sourceTree = "<group>"; };
		A2BE5E781607630200162DCB /* No02NoSel-45.png */ = {isa = PBXFileReference; lastKnownFileType = image.png; path = "No02NoSel-45.png"; sourceTree = "<group>"; };
		A2BE5E791607630200162DCB /* No03-35.png */ = {isa = PBXFileReference; lastKnownFileType = image.png; path = "No03-35.png"; sourceTree = "<group>"; };
		A2BE5E7A1607630200162DCB /* No03-45.png */ = {isa = PBXFileReference; lastKnownFileType = image.png; path = "No03-45.png"; sourceTree = "<group>"; };
		A2BE5E7B1607630200162DCB /* No03NoSel-45.png */ = {isa = PBXFileReference; lastKnownFileType = image.png; path = "No03NoSel-45.png"; sourceTree = "<group>"; };
		A2BE5E7C1607630200162DCB /* No04-45.png */ = {isa = PBXFileReference; lastKnownFileType = image.png; path = "No04-45.png"; sourceTree = "<group>"; };
		A2BE5E7D1607630200162DCB /* No04NoSel-45.png */ = {isa = PBXFileReference; lastKnownFileType = image.png; path = "No04NoSel-45.png"; sourceTree = "<group>"; };
		A2BE5E7E1607630200162DCB /* No05-45.png */ = {isa = PBXFileReference; lastKnownFileType = image.png; path = "No05-45.png"; sourceTree = "<group>"; };
		A2BE5E7F1607630200162DCB /* No05NoSel-45.png */ = {isa = PBXFileReference; lastKnownFileType = image.png; path = "No05NoSel-45.png"; sourceTree = "<group>"; };
		A2BE5E801607630200162DCB /* No06-45.png */ = {isa = PBXFileReference; lastKnownFileType = image.png; path = "No06-45.png"; sourceTree = "<group>"; };
		A2BE5E811607630200162DCB /* No06NoSel-45.png */ = {isa = PBXFileReference; lastKnownFileType = image.png; path = "No06NoSel-45.png"; sourceTree = "<group>"; };
		A2BE5E821607630200162DCB /* No07-45.png */ = {isa = PBXFileReference; lastKnownFileType = image.png; path = "No07-45.png"; sourceTree = "<group>"; };
		A2BE5E831607630200162DCB /* No07NoSel-45.png */ = {isa = PBXFileReference; lastKnownFileType = image.png; path = "No07NoSel-45.png"; sourceTree = "<group>"; };
		A2BE5E841607630200162DCB /* No08-45.png */ = {isa = PBXFileReference; lastKnownFileType = image.png; path = "No08-45.png"; sourceTree = "<group>"; };
		A2BE5E851607630200162DCB /* No08NoSel-45.png */ = {isa = PBXFileReference; lastKnownFileType = image.png; path = "No08NoSel-45.png"; sourceTree = "<group>"; };
		A2BE5E861607630200162DCB /* No09-45.png */ = {isa = PBXFileReference; lastKnownFileType = image.png; path = "No09-45.png"; sourceTree = "<group>"; };
		A2BE5E871607630200162DCB /* No09NoSel-45.png */ = {isa = PBXFileReference; lastKnownFileType = image.png; path = "No09NoSel-45.png"; sourceTree = "<group>"; };
		A2BE5E881607630200162DCB /* No10-45.png */ = {isa = PBXFileReference; lastKnownFileType = image.png; path = "No10-45.png"; sourceTree = "<group>"; };
		A2BE5E891607630200162DCB /* No10NoSel-45.png */ = {isa = PBXFileReference; lastKnownFileType = image.png; path = "No10NoSel-45.png"; sourceTree = "<group>"; };
		A2BE5E8A1607630200162DCB /* No11-45.png */ = {isa = PBXFileReference; lastKnownFileType = image.png; path = "No11-45.png"; sourceTree = "<group>"; };
		A2BE5E8B1607630200162DCB /* No11NoSel-45.png */ = {isa = PBXFileReference; lastKnownFileType = image.png; path = "No11NoSel-45.png"; sourceTree = "<group>"; };
		A2BE5E8C1607630200162DCB /* No12-45.png */ = {isa = PBXFileReference; lastKnownFileType = image.png; path = "No12-45.png"; sourceTree = "<group>"; };
		A2BE5E8D1607630200162DCB /* No12NoSel-45.png */ = {isa = PBXFileReference; lastKnownFileType = image.png; path = "No12NoSel-45.png"; sourceTree = "<group>"; };
		A2BE5E8E1607630200162DCB /* No13-45.png */ = {isa = PBXFileReference; lastKnownFileType = image.png; path = "No13-45.png"; sourceTree = "<group>"; };
		A2BE5E8F1607630200162DCB /* No13NoSel-45.png */ = {isa = PBXFileReference; lastKnownFileType = image.png; path = "No13NoSel-45.png"; sourceTree = "<group>"; };
		A2BE5E901607630200162DCB /* No14-45.png */ = {isa = PBXFileReference; lastKnownFileType = image.png; path = "No14-45.png"; sourceTree = "<group>"; };
		A2BE5E911607630200162DCB /* No14NoSel-45.png */ = {isa = PBXFileReference; lastKnownFileType = image.png; path = "No14NoSel-45.png"; sourceTree = "<group>"; };
		A2BE5E921607630200162DCB /* No15-45.png */ = {isa = PBXFileReference; lastKnownFileType = image.png; path = "No15-45.png"; sourceTree = "<group>"; };
		A2BE5E931607630200162DCB /* No15NoSel-45.png */ = {isa = PBXFileReference; lastKnownFileType = image.png; path = "No15NoSel-45.png"; sourceTree = "<group>"; };
		A2BE5E941607630200162DCB /* No16-45.png */ = {isa = PBXFileReference; lastKnownFileType = image.png; path = "No16-45.png"; sourceTree = "<group>"; };
		A2BE5E951607630200162DCB /* No16NoSel-45.png */ = {isa = PBXFileReference; lastKnownFileType = image.png; path = "No16NoSel-45.png"; sourceTree = "<group>"; };
		A2BE5E961607630200162DCB /* No17-45.png */ = {isa = PBXFileReference; lastKnownFileType = image.png; path = "No17-45.png"; sourceTree = "<group>"; };
		A2BE5E971607630200162DCB /* No17NoSel-45.png */ = {isa = PBXFileReference; lastKnownFileType = image.png; path = "No17NoSel-45.png"; sourceTree = "<group>"; };
		A2BE5E981607630200162DCB /* No18-45.png */ = {isa = PBXFileReference; lastKnownFileType = image.png; path = "No18-45.png"; sourceTree = "<group>"; };
		A2BE5E991607630200162DCB /* No18NoSel-45.png */ = {isa = PBXFileReference; lastKnownFileType = image.png; path = "No18NoSel-45.png"; sourceTree = "<group>"; };
		A2BE5E9A1607630200162DCB /* No19-45.png */ = {isa = PBXFileReference; lastKnownFileType = image.png; path = "No19-45.png"; sourceTree = "<group>"; };
		A2BE5E9B1607630200162DCB /* No19NoSel-45.png */ = {isa = PBXFileReference; lastKnownFileType = image.png; path = "No19NoSel-45.png"; sourceTree = "<group>"; };
		A2BE5E9C1607630200162DCB /* No20-45.png */ = {isa = PBXFileReference; lastKnownFileType = image.png; path = "No20-45.png"; sourceTree = "<group>"; };
		A2BE5E9D1607630200162DCB /* No20NoSel-45.png */ = {isa = PBXFileReference; lastKnownFileType = image.png; path = "No20NoSel-45.png"; sourceTree = "<group>"; };
		A2BE5E9E1607630200162DCB /* No21-45.png */ = {isa = PBXFileReference; lastKnownFileType = image.png; path = "No21-45.png"; sourceTree = "<group>"; };
		A2BE5E9F1607630200162DCB /* No21NoSel-45.png */ = {isa = PBXFileReference; lastKnownFileType = image.png; path = "No21NoSel-45.png"; sourceTree = "<group>"; };
		A2BE5EA01607630200162DCB /* No22-45.png */ = {isa = PBXFileReference; lastKnownFileType = image.png; path = "No22-45.png"; sourceTree = "<group>"; };
		A2BE5EA11607630200162DCB /* No22NoSel-45.png */ = {isa = PBXFileReference; lastKnownFileType = image.png; path = "No22NoSel-45.png"; sourceTree = "<group>"; };
		A2BE5EA21607630200162DCB /* No23-45.png */ = {isa = PBXFileReference; lastKnownFileType = image.png; path = "No23-45.png"; sourceTree = "<group>"; };
		A2BE5EA31607630200162DCB /* No23NoSel-45.png */ = {isa = PBXFileReference; lastKnownFileType = image.png; path = "No23NoSel-45.png"; sourceTree = "<group>"; };
		A2BE5EA41607630200162DCB /* No24-45.png */ = {isa = PBXFileReference; lastKnownFileType = image.png; path = "No24-45.png"; sourceTree = "<group>"; };
		A2BE5EA51607630200162DCB /* No24NoSel-45.png */ = {isa = PBXFileReference; lastKnownFileType = image.png; path = "No24NoSel-45.png"; sourceTree = "<group>"; };
		A2BE5EA61607630200162DCB /* No25-45.png */ = {isa = PBXFileReference; lastKnownFileType = image.png; path = "No25-45.png"; sourceTree = "<group>"; };
		A2BE5EA71607630200162DCB /* No25NoSel-45.png */ = {isa = PBXFileReference; lastKnownFileType = image.png; path = "No25NoSel-45.png"; sourceTree = "<group>"; };
		A2BE5EA81607630200162DCB /* No26-45.png */ = {isa = PBXFileReference; lastKnownFileType = image.png; path = "No26-45.png"; sourceTree = "<group>"; };
		A2BE5EA91607630200162DCB /* No26NoSel-45.png */ = {isa = PBXFileReference; lastKnownFileType = image.png; path = "No26NoSel-45.png"; sourceTree = "<group>"; };
		A2BE5EAA1607630200162DCB /* No27-45.png */ = {isa = PBXFileReference; lastKnownFileType = image.png; path = "No27-45.png"; sourceTree = "<group>"; };
		A2BE5EAB1607630200162DCB /* No27NoSel-45.png */ = {isa = PBXFileReference; lastKnownFileType = image.png; path = "No27NoSel-45.png"; sourceTree = "<group>"; };
		A2BE5EAC1607630200162DCB /* No28-45.png */ = {isa = PBXFileReference; lastKnownFileType = image.png; path = "No28-45.png"; sourceTree = "<group>"; };
		A2BE5EAD1607630200162DCB /* No28NoSel-45.png */ = {isa = PBXFileReference; lastKnownFileType = image.png; path = "No28NoSel-45.png"; sourceTree = "<group>"; };
		A2BE5EAE1607630200162DCB /* No29-45.png */ = {isa = PBXFileReference; lastKnownFileType = image.png; path = "No29-45.png"; sourceTree = "<group>"; };
		A2BE5EAF1607630200162DCB /* No29NoSel-45.png */ = {isa = PBXFileReference; lastKnownFileType = image.png; path = "No29NoSel-45.png"; sourceTree = "<group>"; };
		A2BE5EB01607630200162DCB /* No30-45.png */ = {isa = PBXFileReference; lastKnownFileType = image.png; path = "No30-45.png"; sourceTree = "<group>"; };
		A2BE5EB11607630200162DCB /* No30NoSel-45.png */ = {isa = PBXFileReference; lastKnownFileType = image.png; path = "No30NoSel-45.png"; sourceTree = "<group>"; };
		A2BE5EB21607630200162DCB /* No31-45.png */ = {isa = PBXFileReference; lastKnownFileType = image.png; path = "No31-45.png"; sourceTree = "<group>"; };
		A2BE5EB31607630200162DCB /* No31NoSel-45.png */ = {isa = PBXFileReference; lastKnownFileType = image.png; path = "No31NoSel-45.png"; sourceTree = "<group>"; };
		A2BE5EB41607630200162DCB /* No32-45.png */ = {isa = PBXFileReference; lastKnownFileType = image.png; path = "No32-45.png"; sourceTree = "<group>"; };
		A2BE5EB51607630200162DCB /* No32NoSel-45.png */ = {isa = PBXFileReference; lastKnownFileType = image.png; path = "No32NoSel-45.png"; sourceTree = "<group>"; };
		A2BE5EB61607630200162DCB /* No33-45.png */ = {isa = PBXFileReference; lastKnownFileType = image.png; path = "No33-45.png"; sourceTree = "<group>"; };
		A2BE5EB71607630200162DCB /* No33NoSel-45.png */ = {isa = PBXFileReference; lastKnownFileType = image.png; path = "No33NoSel-45.png"; sourceTree = "<group>"; };
		A2BE5EB81607630200162DCB /* No34-45.png */ = {isa = PBXFileReference; lastKnownFileType = image.png; path = "No34-45.png"; sourceTree = "<group>"; };
		A2BE5EB91607630200162DCB /* No34NoSel-45.png */ = {isa = PBXFileReference; lastKnownFileType = image.png; path = "No34NoSel-45.png"; sourceTree = "<group>"; };
		A2BE5EBA1607630200162DCB /* No35-45.png */ = {isa = PBXFileReference; lastKnownFileType = image.png; path = "No35-45.png"; sourceTree = "<group>"; };
		A2BE5EBB1607630200162DCB /* No35NoSel-45.png */ = {isa = PBXFileReference; lastKnownFileType = image.png; path = "No35NoSel-45.png"; sourceTree = "<group>"; };
		A2BE5EBC1607630200162DCB /* No36-45.png */ = {isa = PBXFileReference; lastKnownFileType = image.png; path = "No36-45.png"; sourceTree = "<group>"; };
		A2BE5EBD1607630200162DCB /* No36NoSel-45.png */ = {isa = PBXFileReference; lastKnownFileType = image.png; path = "No36NoSel-45.png"; sourceTree = "<group>"; };
		A2BE5EBE1607630200162DCB /* No37-45.png */ = {isa = PBXFileReference; lastKnownFileType = image.png; path = "No37-45.png"; sourceTree = "<group>"; };
		A2BE5EBF1607630200162DCB /* No37NoSel-45.png */ = {isa = PBXFileReference; lastKnownFileType = image.png; path = "No37NoSel-45.png"; sourceTree = "<group>"; };
		A2BE5EC01607630200162DCB /* No38-45.png */ = {isa = PBXFileReference; lastKnownFileType = image.png; path = "No38-45.png"; sourceTree = "<group>"; };
		A2BE5EC11607630200162DCB /* No38NoSel-45.png */ = {isa = PBXFileReference; lastKnownFileType = image.png; path = "No38NoSel-45.png"; sourceTree = "<group>"; };
		A2BE5EC21607630200162DCB /* No39-45.png */ = {isa = PBXFileReference; lastKnownFileType = image.png; path = "No39-45.png"; sourceTree = "<group>"; };
		A2BE5EC31607630200162DCB /* No39NoSel-45.png */ = {isa = PBXFileReference; lastKnownFileType = image.png; path = "No39NoSel-45.png"; sourceTree = "<group>"; };
		A2BE5EC41607630200162DCB /* No40-45.png */ = {isa = PBXFileReference; lastKnownFileType = image.png; path = "No40-45.png"; sourceTree = "<group>"; };
		A2BE5EC51607630200162DCB /* No40NoSel-45.png */ = {isa = PBXFileReference; lastKnownFileType = image.png; path = "No40NoSel-45.png"; sourceTree = "<group>"; };
		A2BE5EC61607630200162DCB /* No41-45.png */ = {isa = PBXFileReference; lastKnownFileType = image.png; path = "No41-45.png"; sourceTree = "<group>"; };
		A2BE5EC71607630200162DCB /* No41NoSel-45.png */ = {isa = PBXFileReference; lastKnownFileType = image.png; path = "No41NoSel-45.png"; sourceTree = "<group>"; };
		A2BE5EC81607630200162DCB /* No42-45.png */ = {isa = PBXFileReference; lastKnownFileType = image.png; path = "No42-45.png"; sourceTree = "<group>"; };
		A2BE7EED15F625A900FD98B9 /* BuyHistDataController.h */ = {isa = PBXFileReference; fileEncoding = 4; lastKnownFileType = sourcecode.c.h; path = BuyHistDataController.h; sourceTree = "<group>"; };
		A2BE7EEE15F625A900FD98B9 /* BuyHistDataController.m */ = {isa = PBXFileReference; fileEncoding = 4; lastKnownFileType = sourcecode.c.objc; path = BuyHistDataController.m; sourceTree = "<group>"; };
		A2C0051215F4452E0081A14E /* BuyHistDetailViewController.h */ = {isa = PBXFileReference; fileEncoding = 4; lastKnownFileType = sourcecode.c.h; path = BuyHistDetailViewController.h; sourceTree = "<group>"; };
		A2C0051315F4452E0081A14E /* BuyHistDetailViewController.m */ = {isa = PBXFileReference; fileEncoding = 4; lastKnownFileType = sourcecode.c.objc; path = BuyHistDetailViewController.m; sourceTree = "<group>"; };
		A2C0051515F448F30081A14E /* BuyHistory.h */ = {isa = PBXFileReference; fileEncoding = 4; lastKnownFileType = sourcecode.c.h; path = BuyHistory.h; sourceTree = "<group>"; };
		A2C0051615F448F30081A14E /* BuyHistory.m */ = {isa = PBXFileReference; fileEncoding = 4; lastKnownFileType = sourcecode.c.objc; path = BuyHistory.m; sourceTree = "<group>"; };
		A2C03C671642B4A3000A03B0 /* Lottery.h */ = {isa = PBXFileReference; fileEncoding = 4; lastKnownFileType = sourcecode.c.h; path = Lottery.h; sourceTree = "<group>"; };
		A2C03C681642B4A4000A03B0 /* Lottery.m */ = {isa = PBXFileReference; fileEncoding = 4; lastKnownFileType = sourcecode.c.objc; path = Lottery.m; sourceTree = "<group>"; };
		A2C03C6B1642B4CB000A03B0 /* LotteryDataController.h */ = {isa = PBXFileReference; fileEncoding = 4; lastKnownFileType = sourcecode.c.h; path = LotteryDataController.h; sourceTree = "<group>"; };
		A2C03C6C1642B4CB000A03B0 /* LotteryDataController.m */ = {isa = PBXFileReference; fileEncoding = 4; lastKnownFileType = sourcecode.c.objc; path = LotteryDataController.m; sourceTree = "<group>"; };
		A2DA1B2015FA270400E036F7 /* DetailImage.png */ = {isa = PBXFileReference; lastKnownFileType = image.png; path = DetailImage.png; sourceTree = "<group>"; };
		A2DA1B2215FA31E600E036F7 /* No03-35.png */ = {isa = PBXFileReference; lastKnownFileType = image.png; path = "No03-35.png"; sourceTree = "<group>"; };
		A2EA41B315EAFD4C00A568F1 /* BuyHistoryViewController.h */ = {isa = PBXFileReference; fileEncoding = 4; lastKnownFileType = sourcecode.c.h; path = BuyHistoryViewController.h; sourceTree = "<group>"; };
		A2EA41B415EAFD4C00A568F1 /* BuyHistoryViewController.m */ = {isa = PBXFileReference; fileEncoding = 4; lastKnownFileType = sourcecode.c.objc; path = BuyHistoryViewController.m; sourceTree = "<group>"; };
		A2ED92F015EF847D0051CD57 /* No01-15.png */ = {isa = PBXFileReference; lastKnownFileType = image.png; path = "No01-15.png"; sourceTree = "<group>"; };
		E61BEDE915F39A4F00FAF755 /* Background.png */ = {isa = PBXFileReference; lastKnownFileType = image.png; path = Background.png; sourceTree = "<group>"; };
		E6689B0815F253420026CBC3 /* CellBackground.png */ = {isa = PBXFileReference; lastKnownFileType = image.png; path = CellBackground.png; sourceTree = "<group>"; };
		E66BC18516153BC200056B40 /* No43-45.png */ = {isa = PBXFileReference; lastKnownFileType = image.png; path = "No43-45.png"; sourceTree = "<group>"; };
		E66BC18616153BC200056B40 /* No43NoSel-45.png */ = {isa = PBXFileReference; lastKnownFileType = image.png; path = "No43NoSel-45.png"; sourceTree = "<group>"; };
		E66BC18A161540B600056B40 /* No42NoSel-45.png */ = {isa = PBXFileReference; lastKnownFileType = image.png; path = "No42NoSel-45.png"; sourceTree = "<group>"; };
		E6E416E81631579F00F14725 /* NumberSelectView.h */ = {isa = PBXFileReference; fileEncoding = 4; lastKnownFileType = sourcecode.c.h; path = NumberSelectView.h; sourceTree = "<group>"; };
		E6E416E91631579F00F14725 /* NumberSelectView.m */ = {isa = PBXFileReference; fileEncoding = 4; lastKnownFileType = sourcecode.c.objc; path = NumberSelectView.m; sourceTree = "<group>"; };
/* End PBXFileReference section */

/* Begin PBXFrameworksBuildPhase section */
		A2A5228215C6AF0C00D65863 /* Frameworks */ = {
			isa = PBXFrameworksBuildPhase;
			buildActionMask = 2147483647;
			files = (
				A214F29A1636D12500AE0C36 /* libsqlite3.0.dylib in Frameworks */,
				A21675541606F3B8001A7C03 /* CoreImage.framework in Frameworks */,
				A2008C4F15FE27C50089F0B8 /* QuartzCore.framework in Frameworks */,
				A2A5228A15C6AF0C00D65863 /* UIKit.framework in Frameworks */,
				A2A5228C15C6AF0C00D65863 /* Foundation.framework in Frameworks */,
				A2A5228E15C6AF0C00D65863 /* CoreGraphics.framework in Frameworks */,
			);
			runOnlyForDeploymentPostprocessing = 0;
		};
		A2A522AB15C6AF0C00D65863 /* Frameworks */ = {
			isa = PBXFrameworksBuildPhase;
			buildActionMask = 2147483647;
			files = (
				A2A522B115C6AF0C00D65863 /* SenTestingKit.framework in Frameworks */,
				A2A522B215C6AF0C00D65863 /* UIKit.framework in Frameworks */,
				A2A522B315C6AF0C00D65863 /* Foundation.framework in Frameworks */,
			);
			runOnlyForDeploymentPostprocessing = 0;
		};
/* End PBXFrameworksBuildPhase section */

/* Begin PBXGroup section */
		A226947116075F1E00A930EA /* ResourceImage */ = {
			isa = PBXGroup;
			children = (
				A2164751163966C200200BF9 /* StatusUpdate35.png */,
				A226947216075F2A00A930EA /* NoXX-45 */,
			);
			name = ResourceImage;
			sourceTree = "<group>";
		};
		A226947216075F2A00A930EA /* NoXX-45 */ = {
			isa = PBXGroup;
			children = (
				E66BC18516153BC200056B40 /* No43-45.png */,
				E66BC18616153BC200056B40 /* No43NoSel-45.png */,
				A2BE5E751607630200162DCB /* No01-45.png */,
				A2BE5E761607630200162DCB /* No01NoSel-45.png */,
				A2BE5E771607630200162DCB /* No02-45.png */,
				A2BE5E781607630200162DCB /* No02NoSel-45.png */,
				A2BE5E791607630200162DCB /* No03-35.png */,
				A2BE5E7A1607630200162DCB /* No03-45.png */,
				A2BE5E7B1607630200162DCB /* No03NoSel-45.png */,
				A2BE5E7C1607630200162DCB /* No04-45.png */,
				A2BE5E7D1607630200162DCB /* No04NoSel-45.png */,
				A2BE5E7E1607630200162DCB /* No05-45.png */,
				A2BE5E7F1607630200162DCB /* No05NoSel-45.png */,
				A2BE5E801607630200162DCB /* No06-45.png */,
				A2BE5E811607630200162DCB /* No06NoSel-45.png */,
				A2BE5E821607630200162DCB /* No07-45.png */,
				A2BE5E831607630200162DCB /* No07NoSel-45.png */,
				A2BE5E841607630200162DCB /* No08-45.png */,
				A2BE5E851607630200162DCB /* No08NoSel-45.png */,
				A2BE5E861607630200162DCB /* No09-45.png */,
				A2BE5E871607630200162DCB /* No09NoSel-45.png */,
				A2BE5E881607630200162DCB /* No10-45.png */,
				A2BE5E891607630200162DCB /* No10NoSel-45.png */,
				A2BE5E8A1607630200162DCB /* No11-45.png */,
				A2BE5E8B1607630200162DCB /* No11NoSel-45.png */,
				A2BE5E8C1607630200162DCB /* No12-45.png */,
				A2BE5E8D1607630200162DCB /* No12NoSel-45.png */,
				A2BE5E8E1607630200162DCB /* No13-45.png */,
				A2BE5E8F1607630200162DCB /* No13NoSel-45.png */,
				A2BE5E901607630200162DCB /* No14-45.png */,
				A2BE5E911607630200162DCB /* No14NoSel-45.png */,
				A2BE5E921607630200162DCB /* No15-45.png */,
				A2BE5E931607630200162DCB /* No15NoSel-45.png */,
				A2BE5E941607630200162DCB /* No16-45.png */,
				A2BE5E951607630200162DCB /* No16NoSel-45.png */,
				A2BE5E961607630200162DCB /* No17-45.png */,
				A2BE5E971607630200162DCB /* No17NoSel-45.png */,
				A2BE5E981607630200162DCB /* No18-45.png */,
				A2BE5E991607630200162DCB /* No18NoSel-45.png */,
				A2BE5E9A1607630200162DCB /* No19-45.png */,
				A2BE5E9B1607630200162DCB /* No19NoSel-45.png */,
				A2BE5E9C1607630200162DCB /* No20-45.png */,
				A2BE5E9D1607630200162DCB /* No20NoSel-45.png */,
				A2BE5E9E1607630200162DCB /* No21-45.png */,
				A2BE5E9F1607630200162DCB /* No21NoSel-45.png */,
				A2BE5EA01607630200162DCB /* No22-45.png */,
				A2BE5EA11607630200162DCB /* No22NoSel-45.png */,
				A2BE5EA21607630200162DCB /* No23-45.png */,
				A2BE5EA31607630200162DCB /* No23NoSel-45.png */,
				A2BE5EA41607630200162DCB /* No24-45.png */,
				A2BE5EA51607630200162DCB /* No24NoSel-45.png */,
				A2BE5EA61607630200162DCB /* No25-45.png */,
				A2BE5EA71607630200162DCB /* No25NoSel-45.png */,
				A2BE5EA81607630200162DCB /* No26-45.png */,
				A2BE5EA91607630200162DCB /* No26NoSel-45.png */,
				A2BE5EAA1607630200162DCB /* No27-45.png */,
				A2BE5EAB1607630200162DCB /* No27NoSel-45.png */,
				A2BE5EAC1607630200162DCB /* No28-45.png */,
				A2BE5EAD1607630200162DCB /* No28NoSel-45.png */,
				A2BE5EAE1607630200162DCB /* No29-45.png */,
				A2BE5EAF1607630200162DCB /* No29NoSel-45.png */,
				A2BE5EB01607630200162DCB /* No30-45.png */,
				A2BE5EB11607630200162DCB /* No30NoSel-45.png */,
				A2BE5EB21607630200162DCB /* No31-45.png */,
				A2BE5EB31607630200162DCB /* No31NoSel-45.png */,
				A2BE5EB41607630200162DCB /* No32-45.png */,
				A2BE5EB51607630200162DCB /* No32NoSel-45.png */,
				A2BE5EB61607630200162DCB /* No33-45.png */,
				A2BE5EB71607630200162DCB /* No33NoSel-45.png */,
				A2BE5EB81607630200162DCB /* No34-45.png */,
				A2BE5EB91607630200162DCB /* No34NoSel-45.png */,
				A2BE5EBA1607630200162DCB /* No35-45.png */,
				A2BE5EBB1607630200162DCB /* No35NoSel-45.png */,
				A2BE5EBC1607630200162DCB /* No36-45.png */,
				A2BE5EBD1607630200162DCB /* No36NoSel-45.png */,
				A2BE5EBE1607630200162DCB /* No37-45.png */,
				A2BE5EBF1607630200162DCB /* No37NoSel-45.png */,
				A2BE5EC01607630200162DCB /* No38-45.png */,
				A2BE5EC11607630200162DCB /* No38NoSel-45.png */,
				A2BE5EC21607630200162DCB /* No39-45.png */,
				A2BE5EC31607630200162DCB /* No39NoSel-45.png */,
				A2BE5EC41607630200162DCB /* No40-45.png */,
				A2BE5EC51607630200162DCB /* No40NoSel-45.png */,
				A2BE5EC61607630200162DCB /* No41-45.png */,
				A2BE5EC71607630200162DCB /* No41NoSel-45.png */,
				A2BE5EC81607630200162DCB /* No42-45.png */,
				E66BC18A161540B600056B40 /* No42NoSel-45.png */,
			);
			name = "NoXX-45";
			sourceTree = "<group>";
		};
		A2A5227A15C6AF0C00D65863 = {
			isa = PBXGroup;
			children = (
				A260B5031642A8BE001032EB /* Default-568h@2x.png */,
				A2A5228F15C6AF0C00D65863 /* RotoSix */,
				A214F2991636D12500AE0C36 /* libsqlite3.0.dylib */,
				A21675531606F3B7001A7C03 /* CoreImage.framework */,
				A2008C4E15FE27C50089F0B8 /* QuartzCore.framework */,
				A2A522B615C6AF0C00D65863 /* RotoSixTests */,
				A2A5228815C6AF0C00D65863 /* Frameworks */,
				A2A5228615C6AF0C00D65863 /* Products */,
			);
			sourceTree = "<group>";
		};
		A2A5228615C6AF0C00D65863 /* Products */ = {
			isa = PBXGroup;
			children = (
				A2A5228515C6AF0C00D65863 /* RotoSix.app */,
				A2A522AF15C6AF0C00D65863 /* RotoSixTests.octest */,
			);
			name = Products;
			sourceTree = "<group>";
		};
		A2A5228815C6AF0C00D65863 /* Frameworks */ = {
			isa = PBXGroup;
			children = (
				A2A5228915C6AF0C00D65863 /* UIKit.framework */,
				A2A5228B15C6AF0C00D65863 /* Foundation.framework */,
				A2A5228D15C6AF0C00D65863 /* CoreGraphics.framework */,
				A2A522B015C6AF0C00D65863 /* SenTestingKit.framework */,
			);
			name = Frameworks;
			sourceTree = "<group>";
		};
		A2A5228F15C6AF0C00D65863 /* RotoSix */ = {
			isa = PBXGroup;
			children = (
				A214F2AB1636D3BD00AE0C36 /* mst.db */,
				A214F29C1636D19900AE0C36 /* FMDatabase.h */,
				A214F29D1636D19900AE0C36 /* FMDatabase.m */,
				A214F29E1636D19900AE0C36 /* FMDatabaseAdditions.h */,
				A214F29F1636D19900AE0C36 /* FMDatabaseAdditions.m */,
				A214F2A01636D19A00AE0C36 /* FMDatabasePool.h */,
				A214F2A11636D19A00AE0C36 /* FMDatabasePool.m */,
				A214F2A21636D19A00AE0C36 /* FMDatabaseQueue.h */,
				A214F2A31636D19A00AE0C36 /* FMDatabaseQueue.m */,
				A214F2A41636D19A00AE0C36 /* FMResultSet.h */,
				A214F2A51636D19A00AE0C36 /* FMResultSet.m */,
				A226947116075F1E00A930EA /* ResourceImage */,
				A20B00E916037FD60056F01A /* NumberSelectBackground.png */,
				A26A3A0415FC35EF00181646 /* No01-20.png */,
				A2DA1B2215FA31E600E036F7 /* No03-35.png */,
				A2DA1B2015FA270400E036F7 /* DetailImage.png */,
				E61BEDE915F39A4F00FAF755 /* Background.png */,
				E6689B0815F253420026CBC3 /* CellBackground.png */,
				A2ED92F015EF847D0051CD57 /* No01-15.png */,
				A2A5229815C6AF0C00D65863 /* AppDelegate.h */,
				A2A5229915C6AF0C00D65863 /* AppDelegate.m */,
				A2A522A415C6AF0C00D65863 /* MainStoryboard_iPhone.storyboard */,
				A2A522A715C6AF0C00D65863 /* MainStoryboard_iPad.storyboard */,
				A2A5229015C6AF0C00D65863 /* Supporting Files */,
				A2217AF71646444700328034 /* BuyRegistViewController.h */,
				A2217AF81646444700328034 /* BuyRegistViewController.m */,
				A2EA41B315EAFD4C00A568F1 /* BuyHistoryViewController.h */,
				A2EA41B415EAFD4C00A568F1 /* BuyHistoryViewController.m */,
				A2C0051215F4452E0081A14E /* BuyHistDetailViewController.h */,
				A2C0051315F4452E0081A14E /* BuyHistDetailViewController.m */,
				A2C03C671642B4A3000A03B0 /* Lottery.h */,
				A2C03C681642B4A4000A03B0 /* Lottery.m */,
				A2C03C6B1642B4CB000A03B0 /* LotteryDataController.h */,
				A2C03C6C1642B4CB000A03B0 /* LotteryDataController.m */,
				A2C0051515F448F30081A14E /* BuyHistory.h */,
				A2C0051615F448F30081A14E /* BuyHistory.m */,
				A2BE7EED15F625A900FD98B9 /* BuyHistDataController.h */,
				A2BE7EEE15F625A900FD98B9 /* BuyHistDataController.m */,
				A26A3A2F15FC924400181646 /* NumberSelectViewController.h */,
				A26A3A3015FC924400181646 /* NumberSelectViewController.m */,
				A2008C5315FE283F0089F0B8 /* LayerNumberSelect.h */,
				A2008C5415FE283F0089F0B8 /* LayerNumberSelect.m */,
				E6E416E81631579F00F14725 /* NumberSelectView.h */,
				E6E416E91631579F00F14725 /* NumberSelectView.m */,
			);
			path = RotoSix;
			sourceTree = "<group>";
		};
		A2A5229015C6AF0C00D65863 /* Supporting Files */ = {
			isa = PBXGroup;
			children = (
				A2A5229115C6AF0C00D65863 /* RotoSix-Info.plist */,
				A2A5229215C6AF0C00D65863 /* InfoPlist.strings */,
				A2A5229515C6AF0C00D65863 /* main.m */,
				A2A5229715C6AF0C00D65863 /* RotoSix-Prefix.pch */,
			);
			name = "Supporting Files";
			sourceTree = "<group>";
		};
		A2A522B615C6AF0C00D65863 /* RotoSixTests */ = {
			isa = PBXGroup;
			children = (
				A2A522BC15C6AF0C00D65863 /* RotoSixTests.h */,
				A2A522BD15C6AF0C00D65863 /* RotoSixTests.m */,
				A2A522B715C6AF0C00D65863 /* Supporting Files */,
			);
			path = RotoSixTests;
			sourceTree = "<group>";
		};
		A2A522B715C6AF0C00D65863 /* Supporting Files */ = {
			isa = PBXGroup;
			children = (
				A2A522B815C6AF0C00D65863 /* RotoSixTests-Info.plist */,
				A2A522B915C6AF0C00D65863 /* InfoPlist.strings */,
			);
			name = "Supporting Files";
			sourceTree = "<group>";
		};
/* End PBXGroup section */

/* Begin PBXNativeTarget section */
		A2A5228415C6AF0C00D65863 /* RotoSix */ = {
			isa = PBXNativeTarget;
			buildConfigurationList = A2A522C115C6AF0C00D65863 /* Build configuration list for PBXNativeTarget "RotoSix" */;
			buildPhases = (
				A2A5228115C6AF0C00D65863 /* Sources */,
				A2A5228215C6AF0C00D65863 /* Frameworks */,
				A2A5228315C6AF0C00D65863 /* Resources */,
			);
			buildRules = (
			);
			dependencies = (
			);
			name = RotoSix;
			productName = RotoSix;
			productReference = A2A5228515C6AF0C00D65863 /* RotoSix.app */;
			productType = "com.apple.product-type.application";
		};
		A2A522AE15C6AF0C00D65863 /* RotoSixTests */ = {
			isa = PBXNativeTarget;
			buildConfigurationList = A2A522C415C6AF0C00D65863 /* Build configuration list for PBXNativeTarget "RotoSixTests" */;
			buildPhases = (
				A2A522AA15C6AF0C00D65863 /* Sources */,
				A2A522AB15C6AF0C00D65863 /* Frameworks */,
				A2A522AC15C6AF0C00D65863 /* Resources */,
				A2A522AD15C6AF0C00D65863 /* ShellScript */,
			);
			buildRules = (
			);
			dependencies = (
				A2A522B515C6AF0C00D65863 /* PBXTargetDependency */,
			);
			name = RotoSixTests;
			productName = RotoSixTests;
			productReference = A2A522AF15C6AF0C00D65863 /* RotoSixTests.octest */;
			productType = "com.apple.product-type.bundle";
		};
/* End PBXNativeTarget section */

/* Begin PBXProject section */
		A2A5227C15C6AF0C00D65863 /* Project object */ = {
			isa = PBXProject;
			attributes = {
				LastUpgradeCheck = 0450;
				ORGANIZATIONNAME = "Juuichi Hirao";
			};
			buildConfigurationList = A2A5227F15C6AF0C00D65863 /* Build configuration list for PBXProject "RotoSix" */;
			compatibilityVersion = "Xcode 3.2";
			developmentRegion = English;
			hasScannedForEncodings = 0;
			knownRegions = (
				en,
			);
			mainGroup = A2A5227A15C6AF0C00D65863;
			productRefGroup = A2A5228615C6AF0C00D65863 /* Products */;
			projectDirPath = "";
			projectRoot = "";
			targets = (
				A2A5228415C6AF0C00D65863 /* RotoSix */,
				A2A522AE15C6AF0C00D65863 /* RotoSixTests */,
			);
		};
/* End PBXProject section */

/* Begin PBXResourcesBuildPhase section */
		A2A5228315C6AF0C00D65863 /* Resources */ = {
			isa = PBXResourcesBuildPhase;
			buildActionMask = 2147483647;
			files = (
				A2F1426C163C01C500D6385D /* mst.db in Resources */,
				A2A5229415C6AF0C00D65863 /* InfoPlist.strings in Resources */,
				A2A522A615C6AF0C00D65863 /* MainStoryboard_iPhone.storyboard in Resources */,
				A2A522A915C6AF0C00D65863 /* MainStoryboard_iPad.storyboard in Resources */,
				A2ED92F215EF847D0051CD57 /* No01-15.png in Resources */,
				E6689B0915F253420026CBC3 /* CellBackground.png in Resources */,
				E61BEDEA15F39A4F00FAF755 /* Background.png in Resources */,
				A2DA1B2115FA270400E036F7 /* DetailImage.png in Resources */,
				A2DA1B2315FA31E600E036F7 /* No03-35.png in Resources */,
				A26A3A0515FC35EF00181646 /* No01-20.png in Resources */,
				A20B00EA16037FD60056F01A /* NumberSelectBackground.png in Resources */,
				A2BE5EC91607630300162DCB /* No01-45.png in Resources */,
				A2BE5ECA1607630300162DCB /* No01NoSel-45.png in Resources */,
				A2BE5ECB1607630300162DCB /* No02-45.png in Resources */,
				A2BE5ECC1607630300162DCB /* No02NoSel-45.png in Resources */,
				A2BE5ECE1607630300162DCB /* No03-45.png in Resources */,
				A2BE5ECF1607630300162DCB /* No03NoSel-45.png in Resources */,
				A2BE5ED01607630300162DCB /* No04-45.png in Resources */,
				A2BE5ED11607630300162DCB /* No04NoSel-45.png in Resources */,
				A2BE5ED21607630300162DCB /* No05-45.png in Resources */,
				A2BE5ED31607630300162DCB /* No05NoSel-45.png in Resources */,
				A2BE5ED41607630300162DCB /* No06-45.png in Resources */,
				A2BE5ED51607630300162DCB /* No06NoSel-45.png in Resources */,
				A2BE5ED61607630300162DCB /* No07-45.png in Resources */,
				A2BE5ED71607630300162DCB /* No07NoSel-45.png in Resources */,
				A2BE5ED81607630300162DCB /* No08-45.png in Resources */,
				A2BE5ED91607630300162DCB /* No08NoSel-45.png in Resources */,
				A2BE5EDA1607630300162DCB /* No09-45.png in Resources */,
				A2BE5EDB1607630300162DCB /* No09NoSel-45.png in Resources */,
				A2BE5EDC1607630300162DCB /* No10-45.png in Resources */,
				A2BE5EDD1607630300162DCB /* No10NoSel-45.png in Resources */,
				A2BE5EDE1607630300162DCB /* No11-45.png in Resources */,
				A2BE5EDF1607630300162DCB /* No11NoSel-45.png in Resources */,
				A2BE5EE01607630300162DCB /* No12-45.png in Resources */,
				A2BE5EE11607630300162DCB /* No12NoSel-45.png in Resources */,
				A2BE5EE21607630300162DCB /* No13-45.png in Resources */,
				A2BE5EE31607630300162DCB /* No13NoSel-45.png in Resources */,
				A2BE5EE41607630300162DCB /* No14-45.png in Resources */,
				A2BE5EE51607630300162DCB /* No14NoSel-45.png in Resources */,
				A2BE5EE61607630300162DCB /* No15-45.png in Resources */,
				A2BE5EE71607630300162DCB /* No15NoSel-45.png in Resources */,
				A2BE5EE81607630300162DCB /* No16-45.png in Resources */,
				A2BE5EE91607630300162DCB /* No16NoSel-45.png in Resources */,
				A2BE5EEA1607630300162DCB /* No17-45.png in Resources */,
				A2BE5EEB1607630300162DCB /* No17NoSel-45.png in Resources */,
				A2BE5EEC1607630300162DCB /* No18-45.png in Resources */,
				A2BE5EED1607630300162DCB /* No18NoSel-45.png in Resources */,
				A2BE5EEE1607630300162DCB /* No19-45.png in Resources */,
				A2BE5EEF1607630300162DCB /* No19NoSel-45.png in Resources */,
				A2BE5EF01607630300162DCB /* No20-45.png in Resources */,
				A2BE5EF11607630300162DCB /* No20NoSel-45.png in Resources */,
				A2BE5EF21607630300162DCB /* No21-45.png in Resources */,
				A2BE5EF31607630300162DCB /* No21NoSel-45.png in Resources */,
				A2BE5EF41607630300162DCB /* No22-45.png in Resources */,
				A2BE5EF51607630300162DCB /* No22NoSel-45.png in Resources */,
				A2BE5EF61607630300162DCB /* No23-45.png in Resources */,
				A2BE5EF71607630300162DCB /* No23NoSel-45.png in Resources */,
				A2BE5EF81607630300162DCB /* No24-45.png in Resources */,
				A2BE5EF91607630300162DCB /* No24NoSel-45.png in Resources */,
				A2BE5EFA1607630300162DCB /* No25-45.png in Resources */,
				A2BE5EFB1607630300162DCB /* No25NoSel-45.png in Resources */,
				A2BE5EFC1607630300162DCB /* No26-45.png in Resources */,
				A2BE5EFD1607630300162DCB /* No26NoSel-45.png in Resources */,
				A2BE5EFE1607630300162DCB /* No27-45.png in Resources */,
				A2BE5EFF1607630300162DCB /* No27NoSel-45.png in Resources */,
				A2BE5F001607630300162DCB /* No28-45.png in Resources */,
				A2BE5F011607630300162DCB /* No28NoSel-45.png in Resources */,
				A2BE5F021607630300162DCB /* No29-45.png in Resources */,
				A2BE5F031607630300162DCB /* No29NoSel-45.png in Resources */,
				A2BE5F041607630300162DCB /* No30-45.png in Resources */,
				A2BE5F051607630300162DCB /* No30NoSel-45.png in Resources */,
				A2BE5F061607630300162DCB /* No31-45.png in Resources */,
				A2BE5F071607630300162DCB /* No31NoSel-45.png in Resources */,
				A2BE5F081607630300162DCB /* No32-45.png in Resources */,
				A2BE5F091607630300162DCB /* No32NoSel-45.png in Resources */,
				A2BE5F0A1607630300162DCB /* No33-45.png in Resources */,
				A2BE5F0B1607630300162DCB /* No33NoSel-45.png in Resources */,
				A2BE5F0C1607630300162DCB /* No34-45.png in Resources */,
				A2BE5F0D1607630300162DCB /* No34NoSel-45.png in Resources */,
				A2BE5F0E1607630300162DCB /* No35-45.png in Resources */,
				A2BE5F0F1607630300162DCB /* No35NoSel-45.png in Resources */,
				A2BE5F101607630300162DCB /* No36-45.png in Resources */,
				A2BE5F111607630300162DCB /* No36NoSel-45.png in Resources */,
				A2BE5F121607630300162DCB /* No37-45.png in Resources */,
				A2BE5F131607630300162DCB /* No37NoSel-45.png in Resources */,
				A2BE5F141607630300162DCB /* No38-45.png in Resources */,
				A2BE5F151607630300162DCB /* No38NoSel-45.png in Resources */,
				A2BE5F161607630300162DCB /* No39-45.png in Resources */,
				A2BE5F171607630300162DCB /* No39NoSel-45.png in Resources */,
				A2BE5F181607630300162DCB /* No40-45.png in Resources */,
				A2BE5F191607630300162DCB /* No40NoSel-45.png in Resources */,
				A2BE5F1A1607630300162DCB /* No41-45.png in Resources */,
				A2BE5F1B1607630300162DCB /* No41NoSel-45.png in Resources */,
				A2BE5F1C1607630300162DCB /* No42-45.png in Resources */,
				E66BC18716153BC200056B40 /* No43-45.png in Resources */,
				E66BC18816153BC200056B40 /* No43NoSel-45.png in Resources */,
				E66BC18B161540B600056B40 /* No42NoSel-45.png in Resources */,
				A2164752163966C200200BF9 /* StatusUpdate35.png in Resources */,
				A260B5041642A8BE001032EB /* Default-568h@2x.png in Resources */,
			);
			runOnlyForDeploymentPostprocessing = 0;
		};
		A2A522AC15C6AF0C00D65863 /* Resources */ = {
			isa = PBXResourcesBuildPhase;
			buildActionMask = 2147483647;
			files = (
				A2A522BB15C6AF0C00D65863 /* InfoPlist.strings in Resources */,
				A214F2AC1636D3BD00AE0C36 /* mst.db in Resources */,
			);
			runOnlyForDeploymentPostprocessing = 0;
		};
/* End PBXResourcesBuildPhase section */

/* Begin PBXShellScriptBuildPhase section */
		A2A522AD15C6AF0C00D65863 /* ShellScript */ = {
			isa = PBXShellScriptBuildPhase;
			buildActionMask = 2147483647;
			files = (
			);
			inputPaths = (
			);
			outputPaths = (
			);
			runOnlyForDeploymentPostprocessing = 0;
			shellPath = /bin/sh;
			shellScript = "# Run the unit tests in this test bundle.\n\"${SYSTEM_DEVELOPER_DIR}/Tools/RunUnitTests\"\n";
		};
/* End PBXShellScriptBuildPhase section */

/* Begin PBXSourcesBuildPhase section */
		A2A5228115C6AF0C00D65863 /* Sources */ = {
			isa = PBXSourcesBuildPhase;
			buildActionMask = 2147483647;
			files = (
				A2A5229615C6AF0C00D65863 /* main.m in Sources */,
				A2A5229A15C6AF0C00D65863 /* AppDelegate.m in Sources */,
				A2EA41B515EAFD4C00A568F1 /* BuyHistoryViewController.m in Sources */,
				A2C0051415F4452E0081A14E /* BuyHistDetailViewController.m in Sources */,
				A2C0051715F448F30081A14E /* BuyHistory.m in Sources */,
				A2BE7EEF15F625A900FD98B9 /* BuyHistDataController.m in Sources */,
				A26A3A3115FC924400181646 /* NumberSelectViewController.m in Sources */,
				A2008C5515FE283F0089F0B8 /* LayerNumberSelect.m in Sources */,
				E6E416EA1631579F00F14725 /* NumberSelectView.m in Sources */,
				A214F2A61636D19A00AE0C36 /* FMDatabase.m in Sources */,
				A214F2A71636D19A00AE0C36 /* FMDatabaseAdditions.m in Sources */,
				A214F2A81636D19A00AE0C36 /* FMDatabasePool.m in Sources */,
				A214F2A91636D19A00AE0C36 /* FMDatabaseQueue.m in Sources */,
				A214F2AA1636D19A00AE0C36 /* FMResultSet.m in Sources */,
				A2C03C691642B4A4000A03B0 /* Lottery.m in Sources */,
				A2C03C6D1642B4CB000A03B0 /* LotteryDataController.m in Sources */,
				A2217AF91646444700328034 /* BuyRegistViewController.m in Sources */,
			);
			runOnlyForDeploymentPostprocessing = 0;
		};
		A2A522AA15C6AF0C00D65863 /* Sources */ = {
			isa = PBXSourcesBuildPhase;
			buildActionMask = 2147483647;
			files = (
				A2A522BE15C6AF0C00D65863 /* RotoSixTests.m in Sources */,
			);
			runOnlyForDeploymentPostprocessing = 0;
		};
/* End PBXSourcesBuildPhase section */

/* Begin PBXTargetDependency section */
		A2A522B515C6AF0C00D65863 /* PBXTargetDependency */ = {
			isa = PBXTargetDependency;
			target = A2A5228415C6AF0C00D65863 /* RotoSix */;
			targetProxy = A2A522B415C6AF0C00D65863 /* PBXContainerItemProxy */;
		};
/* End PBXTargetDependency section */

/* Begin PBXVariantGroup section */
		A2A5229215C6AF0C00D65863 /* InfoPlist.strings */ = {
			isa = PBXVariantGroup;
			children = (
				A2A5229315C6AF0C00D65863 /* en */,
			);
			name = InfoPlist.strings;
			sourceTree = "<group>";
		};
		A2A522A415C6AF0C00D65863 /* MainStoryboard_iPhone.storyboard */ = {
			isa = PBXVariantGroup;
			children = (
				A2A522A515C6AF0C00D65863 /* en */,
			);
			name = MainStoryboard_iPhone.storyboard;
			sourceTree = "<group>";
		};
		A2A522A715C6AF0C00D65863 /* MainStoryboard_iPad.storyboard */ = {
			isa = PBXVariantGroup;
			children = (
				A2A522A815C6AF0C00D65863 /* en */,
			);
			name = MainStoryboard_iPad.storyboard;
			sourceTree = "<group>";
		};
		A2A522B915C6AF0C00D65863 /* InfoPlist.strings */ = {
			isa = PBXVariantGroup;
			children = (
				A2A522BA15C6AF0C00D65863 /* en */,
			);
			name = InfoPlist.strings;
			sourceTree = "<group>";
		};
/* End PBXVariantGroup section */

/* Begin XCBuildConfiguration section */
		A2A522BF15C6AF0C00D65863 /* Debug */ = {
			isa = XCBuildConfiguration;
			buildSettings = {
				ALWAYS_SEARCH_USER_PATHS = NO;
				ARCHS = "$(ARCHS_STANDARD_32_BIT)";
				CLANG_CXX_LANGUAGE_STANDARD = "gnu++0x";
				CLANG_ENABLE_OBJC_ARC = YES;
				CLANG_WARN__DUPLICATE_METHOD_MATCH = YES;
				"CODE_SIGN_IDENTITY[sdk=iphoneos*]" = "iPhone Developer";
				COPY_PHASE_STRIP = NO;
				GCC_C_LANGUAGE_STANDARD = gnu99;
				GCC_DYNAMIC_NO_PIC = NO;
				GCC_OPTIMIZATION_LEVEL = 0;
				GCC_PREPROCESSOR_DEFINITIONS = (
					"DEBUG=1",
					"$(inherited)",
				);
				GCC_SYMBOLS_PRIVATE_EXTERN = NO;
				GCC_VERSION = com.apple.compilers.llvm.clang.1_0;
				GCC_WARN_ABOUT_RETURN_TYPE = YES;
				GCC_WARN_UNINITIALIZED_AUTOS = YES;
				GCC_WARN_UNUSED_VARIABLE = YES;
				IPHONEOS_DEPLOYMENT_TARGET = 5.1;
				SDKROOT = iphoneos;
				TARGETED_DEVICE_FAMILY = "1,2";
			};
			name = Debug;
		};
		A2A522C015C6AF0C00D65863 /* Release */ = {
			isa = XCBuildConfiguration;
			buildSettings = {
				ALWAYS_SEARCH_USER_PATHS = NO;
				ARCHS = "$(ARCHS_STANDARD_32_BIT)";
				CLANG_CXX_LANGUAGE_STANDARD = "gnu++0x";
				CLANG_ENABLE_OBJC_ARC = YES;
				CLANG_WARN__DUPLICATE_METHOD_MATCH = YES;
				"CODE_SIGN_IDENTITY[sdk=iphoneos*]" = "iPhone Developer";
				COPY_PHASE_STRIP = YES;
				GCC_C_LANGUAGE_STANDARD = gnu99;
				GCC_VERSION = com.apple.compilers.llvm.clang.1_0;
				GCC_WARN_ABOUT_RETURN_TYPE = YES;
				GCC_WARN_UNINITIALIZED_AUTOS = YES;
				GCC_WARN_UNUSED_VARIABLE = YES;
				IPHONEOS_DEPLOYMENT_TARGET = 5.1;
				OTHER_CFLAGS = "-DNS_BLOCK_ASSERTIONS=1";
				SDKROOT = iphoneos;
				TARGETED_DEVICE_FAMILY = "1,2";
				VALIDATE_PRODUCT = YES;
			};
			name = Release;
		};
		A2A522C215C6AF0C00D65863 /* Debug */ = {
			isa = XCBuildConfiguration;
			buildSettings = {
				GCC_PRECOMPILE_PREFIX_HEADER = YES;
				GCC_PREFIX_HEADER = "RotoSix/RotoSix-Prefix.pch";
				INFOPLIST_FILE = "RotoSix/RotoSix-Info.plist";
				PRODUCT_NAME = "$(TARGET_NAME)";
				WRAPPER_EXTENSION = app;
			};
			name = Debug;
		};
		A2A522C315C6AF0C00D65863 /* Release */ = {
			isa = XCBuildConfiguration;
			buildSettings = {
				GCC_PRECOMPILE_PREFIX_HEADER = YES;
				GCC_PREFIX_HEADER = "RotoSix/RotoSix-Prefix.pch";
				INFOPLIST_FILE = "RotoSix/RotoSix-Info.plist";
				PRODUCT_NAME = "$(TARGET_NAME)";
				WRAPPER_EXTENSION = app;
			};
			name = Release;
		};
		A2A522C515C6AF0C00D65863 /* Debug */ = {
			isa = XCBuildConfiguration;
			buildSettings = {
				BUNDLE_LOADER = "$(BUILT_PRODUCTS_DIR)/RotoSix.app/RotoSix";
				FRAMEWORK_SEARCH_PATHS = (
					"\"$(SDKROOT)/Developer/Library/Frameworks\"",
					"\"$(DEVELOPER_LIBRARY_DIR)/Frameworks\"",
				);
				GCC_PRECOMPILE_PREFIX_HEADER = YES;
				GCC_PREFIX_HEADER = "RotoSix/RotoSix-Prefix.pch";
				INFOPLIST_FILE = "RotoSixTests/RotoSixTests-Info.plist";
				PRODUCT_NAME = "$(TARGET_NAME)";
				TEST_HOST = "$(BUNDLE_LOADER)";
				WRAPPER_EXTENSION = octest;
			};
			name = Debug;
		};
		A2A522C615C6AF0C00D65863 /* Release */ = {
			isa = XCBuildConfiguration;
			buildSettings = {
				BUNDLE_LOADER = "$(BUILT_PRODUCTS_DIR)/RotoSix.app/RotoSix";
				FRAMEWORK_SEARCH_PATHS = (
					"\"$(SDKROOT)/Developer/Library/Frameworks\"",
					"\"$(DEVELOPER_LIBRARY_DIR)/Frameworks\"",
				);
				GCC_PRECOMPILE_PREFIX_HEADER = YES;
				GCC_PREFIX_HEADER = "RotoSix/RotoSix-Prefix.pch";
				INFOPLIST_FILE = "RotoSixTests/RotoSixTests-Info.plist";
				PRODUCT_NAME = "$(TARGET_NAME)";
				TEST_HOST = "$(BUNDLE_LOADER)";
				WRAPPER_EXTENSION = octest;
			};
			name = Release;
		};
/* End XCBuildConfiguration section */

/* Begin XCConfigurationList section */
		A2A5227F15C6AF0C00D65863 /* Build configuration list for PBXProject "RotoSix" */ = {
			isa = XCConfigurationList;
			buildConfigurations = (
				A2A522BF15C6AF0C00D65863 /* Debug */,
				A2A522C015C6AF0C00D65863 /* Release */,
			);
			defaultConfigurationIsVisible = 0;
			defaultConfigurationName = Release;
		};
		A2A522C115C6AF0C00D65863 /* Build configuration list for PBXNativeTarget "RotoSix" */ = {
			isa = XCConfigurationList;
			buildConfigurations = (
				A2A522C215C6AF0C00D65863 /* Debug */,
				A2A522C315C6AF0C00D65863 /* Release */,
			);
			defaultConfigurationIsVisible = 0;
			defaultConfigurationName = Release;
		};
		A2A522C415C6AF0C00D65863 /* Build configuration list for PBXNativeTarget "RotoSixTests" */ = {
			isa = XCConfigurationList;
			buildConfigurations = (
				A2A522C515C6AF0C00D65863 /* Debug */,
				A2A522C615C6AF0C00D65863 /* Release */,
			);
			defaultConfigurationIsVisible = 0;
			defaultConfigurationName = Release;
		};
/* End XCConfigurationList section */
	};
	rootObject = A2A5227C15C6AF0C00D65863 /* Project object */;
}
